
Microsoft Visual Studio Solution File, Format Version 12.00
# Visual Studio 15
VisualStudioVersion = 15.0.28307.421
MinimumVisualStudioVersion = 10.0.40219.1
Project("{9A19103F-16F7-4668-BE54-9A1E7A4F7556}") = "TravelProject", "TravelProject\TravelProject.csproj", "{7E7B0595-E0C2-49A5-B168-70541ECBC151}"
EndProject
Project("{9A19103F-16F7-4668-BE54-9A1E7A4F7556}") = "WikipediaProject", "WikipediaProject\WikipediaProject.csproj", "{8114B731-8C5C-4CA2-A884-80542E126130}"
EndProject
Global
	GlobalSection(SolutionConfigurationPlatforms) = preSolution
		Debug|Any CPU = Debug|Any CPU
		Release|Any CPU = Release|Any CPU
	EndGlobalSection
	GlobalSection(ProjectConfigurationPlatforms) = postSolution
		{7E7B0595-E0C2-49A5-B168-70541ECBC151}.Debug|Any CPU.ActiveCfg = Debug|Any CPU
		{7E7B0595-E0C2-49A5-B168-70541ECBC151}.Debug|Any CPU.Build.0 = Debug|Any CPU
		{7E7B0595-E0C2-49A5-B168-70541ECBC151}.Release|Any CPU.ActiveCfg = Release|Any CPU
		{7E7B0595-E0C2-49A5-B168-70541ECBC151}.Release|Any CPU.Build.0 = Release|Any CPU
		{8114B731-8C5C-4CA2-A884-80542E126130}.Debug|Any CPU.ActiveCfg = Debug|Any CPU
		{8114B731-8C5C-4CA2-A884-80542E126130}.Debug|Any CPU.Build.0 = Debug|Any CPU
		{8114B731-8C5C-4CA2-A884-80542E126130}.Release|Any CPU.ActiveCfg = Release|Any CPU
		{8114B731-8C5C-4CA2-A884-80542E126130}.Release|Any CPU.Build.0 = Release|Any CPU
	EndGlobalSection
	GlobalSection(SolutionProperties) = preSolution
		HideSolutionNode = FALSE
	EndGlobalSection
	GlobalSection(ExtensibilityGlobals) = postSolution
		SolutionGuid = {631449F8-56D0-4E6C-8AEE-21C543D82F39}
	EndGlobalSection
EndGlobal
